// !$*UTF8*$!
{
	archiveVersion = 1;
	classes = {
	};
	objectVersion = 46;
	objects = {
/* Begin PBXBuildFile section */
		0207DA581B56EA530066E2B4 /* Images.xcassets in Resources */ = {isa = PBXBuildFile; fileRef = 0207DA571B56EA530066E2B4 /* Images.xcassets */; };
		1D3623260D0F684500981E51 /* AppDelegate.m in Sources */ = {isa = PBXBuildFile; fileRef = 1D3623250D0F684500981E51 /* AppDelegate.m */; };
		1D60589B0D05DD56006BFB54 /* main.m in Sources */ = {isa = PBXBuildFile; fileRef = 29B97316FDCFA39411CA2CEA /* main.m */; };
		301BF552109A68D80062928A /* libCordova.a in Frameworks */ = {isa = PBXBuildFile; fileRef = 301BF535109A57CC0062928A /* libCordova.a */; };
		302D95F114D2391D003F00A1 /* MainViewController.m in Sources */ = {isa = PBXBuildFile; fileRef = 302D95EF14D2391D003F00A1 /* MainViewController.m */; };
		302D95F214D2391D003F00A1 /* MainViewController.xib in Resources */ = {isa = PBXBuildFile; fileRef = 302D95F014D2391D003F00A1 /* MainViewController.xib */; };
		3047A5121AB8059700498E2A /* build-debug.xcconfig in Resources */ = {isa = PBXBuildFile; fileRef = 3047A50F1AB8059700498E2A /* build-debug.xcconfig */; };
		3047A5131AB8059700498E2A /* build-release.xcconfig in Resources */ = {isa = PBXBuildFile; fileRef = 3047A5101AB8059700498E2A /* build-release.xcconfig */; };
		3047A5141AB8059700498E2A /* build.xcconfig in Resources */ = {isa = PBXBuildFile; fileRef = 3047A5111AB8059700498E2A /* build.xcconfig */; };
		6AFF5BF91D6E424B00AB3073 /* CDVLaunchScreen.storyboard in Resources */ = {isa = PBXBuildFile; fileRef = 6AFF5BF81D6E424B00AB3073 /* CDVLaunchScreen.storyboard */; };
		0B161B60E95948658580CF37 /* CDVSplashScreen.m in Sources */ = {isa = PBXBuildFile; fileRef = 3C5CD475AA1F4360B04E2692 /* CDVSplashScreen.m */; };
		79F6AB9592254AB6A21F3B7E /* CDVViewController+SplashScreen.m in Sources */ = {isa = PBXBuildFile; fileRef = F5EBCFBCD8264E858EB135DB /* CDVViewController+SplashScreen.m */; };
		CEA31FE60BE64EA2912E1824 /* WifiInfo.swift in Sources */ = {isa = PBXBuildFile; fileRef = EE4236386A9B46C98F4D3244 /* WifiInfo.swift */; };
		F7FD1D7E51824066BE4A15F2 /* Hostname.m in Sources */ = {isa = PBXBuildFile; fileRef = 7B95D8B32F0D48D2B219F448 /* Hostname.m */; };
		A5065493A2AD48A19B07B7DA /* CDVBattery.m in Sources */ = {isa = PBXBuildFile; fileRef = 4DFD22E1C99943DB8F77A8D7 /* CDVBattery.m */; };
		91DD8562BD974074AE9B6514 /* UIImage+CropScaleOrientation.m in Sources */ = {isa = PBXBuildFile; fileRef = A0AC9E7384EE4A72A5BCD94A /* UIImage+CropScaleOrientation.m */; };
		6838AC451C014B8A8F76945F /* CDVCamera.m in Sources */ = {isa = PBXBuildFile; fileRef = F3B2957BC9E84757996768AE /* CDVCamera.m */; };
		EF2175BB7F624BBD88F4FCEB /* CDVJpegHeaderWriter.m in Sources */ = {isa = PBXBuildFile; fileRef = 8A530D59699D409CB097B692 /* CDVJpegHeaderWriter.m */; };
		D22CBF8EA4CB4A6292E0FC44 /* ImageIO.framework in Frameworks */ = {isa = PBXBuildFile; fileRef = 1A47288693884B76A0C861F7 /* ImageIO.framework */; settings = {ATTRIBUTES = (Weak, ); }; };
		5CAFB2F443994EF6AB306529 /* AVFoundation.framework in Frameworks */ = {isa = PBXBuildFile; fileRef = E740612DCEEE4245A37F2A6E /* AVFoundation.framework */; };
		BF04A0A01B6441DCBA56B84C /* CDVDevice.m in Sources */ = {isa = PBXBuildFile; fileRef = A5FFCCF8B006468CB686CE2F /* CDVDevice.m */; };
		C75167814EFE467D8F5883C2 /* libz.tbd in Frameworks */ = {isa = PBXBuildFile; fileRef = B990B26631A5465C970FA387 /* libz.tbd */; };
		49755E6577114DE5802A95E9 /* CDVNotification.m in Sources */ = {isa = PBXBuildFile; fileRef = 0B6E9D37A2D545F1B0AAE793 /* CDVNotification.m */; };
		4BF047AA2807438882A88921 /* CDVNotification.bundle in Resources */ = {isa = PBXBuildFile; fileRef = 81EBFE625FB64D498F356C35 /* CDVNotification.bundle */; };
		4CACC93C0B8F4F68992ECE84 /* CDVLocation.m in Sources */ = {isa = PBXBuildFile; fileRef = 96CC2AE381454D58AC7608F4 /* CDVLocation.m */; };
		62A295DF85DB48DC96D64079 /* CoreLocation.framework in Frameworks */ = {isa = PBXBuildFile; fileRef = D3CA72645F3D468B92D6E856 /* CoreLocation.framework */; };
		C39B4E92E9CB42A899633390 /* CDVGlobalization.m in Sources */ = {isa = PBXBuildFile; fileRef = 9CA4433380E4483792B898EC /* CDVGlobalization.m */; };
		F14E53EB4B154F72B895047A /* CDVInAppBrowser.m in Sources */ = {isa = PBXBuildFile; fileRef = 2090A1C850F24301BCCD5945 /* CDVInAppBrowser.m */; };
		39269FEF8E0B447C86574C31 /* CDVCapture.m in Sources */ = {isa = PBXBuildFile; fileRef = D73E1F37F0E646FC8B02DE35 /* CDVCapture.m */; };
		2B316B204CC4467E991C0F6E /* CDVCapture.bundle in Resources */ = {isa = PBXBuildFile; fileRef = FD0C69183A404048B183C51A /* CDVCapture.bundle */; };
		2AF8369157DA40039C64E6E3 /* CDVConnection.m in Sources */ = {isa = PBXBuildFile; fileRef = 9B7CE6C2EA194784B37135D5 /* CDVConnection.m */; };
		0FEA94EC28E94FFA99438F60 /* CDVReachability.m in Sources */ = {isa = PBXBuildFile; fileRef = 8CEDDF70091B4DC7A5525BC0 /* CDVReachability.m */; };
		1540CE7FFC4D43C0BF3116F5 /* CoreTelephony.framework in Frameworks */ = {isa = PBXBuildFile; fileRef = DC77AC419B13490CAEFA4788 /* CoreTelephony.framework */; };
		59D4F49B1BFB47B9A53C3BDB /* SocketPlugin.m in Sources */ = {isa = PBXBuildFile; fileRef = 198EA20D66F34281A7A6B5AB /* SocketPlugin.m */; };
		08176E0B8F6F460CA360DF32 /* SocketAdapter.m in Sources */ = {isa = PBXBuildFile; fileRef = E1664ABBE51548FD9B8697FE /* SocketAdapter.m */; };
		0061A3CA15F74A77A8A5F2AD /* CDVVibration.m in Sources */ = {isa = PBXBuildFile; fileRef = C764D38A9961489FA90881A0 /* CDVVibration.m */; };
		6AF3CACC365948BAA728A4AA /* AudioToolbox.framework in Frameworks */ = {isa = PBXBuildFile; fileRef = 14D96294F7184D2BBA53B59E /* AudioToolbox.framework */; settings = {ATTRIBUTES = (Weak, ); }; };
		54CD6760F42E4DF3AF7A59DC /* CDVNetworkInterface.m in Sources */ = {isa = PBXBuildFile; fileRef = 15A80675105D4A65B1EE3A7D /* CDVNetworkInterface.m */; };
		6DD8D6BC57774AD1BAA8437C /* NXWWifiWizard.m in Sources */ = {isa = PBXBuildFile; fileRef = 989EEED887994A97967E4A01 /* NXWWifiWizard.m */; };
		29968541613548218356E6B1 /* SystemConfiguration.framework in Frameworks */ = {isa = PBXBuildFile; fileRef = FD6A9C5BD21E40E49B9EF874 /* SystemConfiguration.framework */; };
		E488FDDDF1ED43068D6048D8 /* CDVFile.m in Sources */ = {isa = PBXBuildFile; fileRef = 7CBF6D0061EF4AC2A15A2978 /* CDVFile.m */; };
		37CC598215E846D8AA771930 /* CDVLocalFilesystem.m in Sources */ = {isa = PBXBuildFile; fileRef = E425A793B7D24DE18A379613 /* CDVLocalFilesystem.m */; };
		1C0A16A4B390493ABCFDC5A4 /* CDVAssetLibraryFilesystem.m in Sources */ = {isa = PBXBuildFile; fileRef = 533E68EB040D4C9394DE13E7 /* CDVAssetLibraryFilesystem.m */; };
/* End PBXBuildFile section */

/* Begin PBXContainerItemProxy section */
		301BF534109A57CC0062928A /* PBXContainerItemProxy */ = {
			isa = PBXContainerItemProxy;
			containerPortal = 301BF52D109A57CC0062928A /* CordovaLib.xcodeproj */;
			proxyType = 2;
			remoteGlobalIDString = D2AAC07E0554694100DB518D;
			remoteInfo = CordovaLib;
		};
		301BF550109A68C00062928A /* PBXContainerItemProxy */ = {
			isa = PBXContainerItemProxy;
			containerPortal = 301BF52D109A57CC0062928A /* CordovaLib.xcodeproj */;
			proxyType = 1;
			remoteGlobalIDString = D2AAC07D0554694100DB518D;
			remoteInfo = CordovaLib;
		};
/* End PBXContainerItemProxy section */

/* Begin PBXFileReference section */
		0207DA571B56EA530066E2B4 /* Images.xcassets */ = {isa = PBXFileReference; lastKnownFileType = folder.assetcatalog; name = Images.xcassets; path = "HelloCordova/Images.xcassets"; sourceTree = SOURCE_ROOT; };
		1D3623240D0F684500981E51 /* AppDelegate.h */ = {isa = PBXFileReference; fileEncoding = 4; lastKnownFileType = sourcecode.c.h; path = AppDelegate.h; sourceTree = "<group>"; };
		1D3623250D0F684500981E51 /* AppDelegate.m */ = {isa = PBXFileReference; fileEncoding = 4; lastKnownFileType = sourcecode.c.objc; path = AppDelegate.m; sourceTree = "<group>"; };
		1D6058910D05DD3D006BFB54 /* HelloCordova.app */ = {isa = PBXFileReference; explicitFileType = wrapper.application; includeInIndex = 0; path = "HelloCordova.app"; sourceTree = BUILT_PRODUCTS_DIR; };
		29B97316FDCFA39411CA2CEA /* main.m */ = {isa = PBXFileReference; fileEncoding = 4; lastKnownFileType = sourcecode.c.objc; path = main.m; sourceTree = "<group>"; };
		301BF52D109A57CC0062928A /* CordovaLib.xcodeproj */ = {isa = PBXFileReference; lastKnownFileType = "wrapper.pb-project"; path = CordovaLib/CordovaLib.xcodeproj; sourceTree = "<group>"; };
		301BF56E109A69640062928A /* www */ = {isa = PBXFileReference; lastKnownFileType = folder; path = www; sourceTree = SOURCE_ROOT; };
		302D95EE14D2391D003F00A1 /* MainViewController.h */ = {isa = PBXFileReference; fileEncoding = 4; lastKnownFileType = sourcecode.c.h; path = MainViewController.h; sourceTree = "<group>"; };
		302D95EF14D2391D003F00A1 /* MainViewController.m */ = {isa = PBXFileReference; fileEncoding = 4; lastKnownFileType = sourcecode.c.objc; path = MainViewController.m; sourceTree = "<group>"; };
		302D95F014D2391D003F00A1 /* MainViewController.xib */ = {isa = PBXFileReference; fileEncoding = 4; lastKnownFileType = file.xib; path = MainViewController.xib; sourceTree = "<group>"; };
		3047A50F1AB8059700498E2A /* build-debug.xcconfig */ = {isa = PBXFileReference; fileEncoding = 4; lastKnownFileType = text.xcconfig; name = "build-debug.xcconfig"; path = cordova/build-debug.xcconfig; sourceTree = SOURCE_ROOT; };
		3047A5101AB8059700498E2A /* build-release.xcconfig */ = {isa = PBXFileReference; fileEncoding = 4; lastKnownFileType = text.xcconfig; name = "build-release.xcconfig"; path = cordova/build-release.xcconfig; sourceTree = SOURCE_ROOT; };
		3047A5111AB8059700498E2A /* build.xcconfig */ = {isa = PBXFileReference; fileEncoding = 4; lastKnownFileType = text.xcconfig; name = build.xcconfig; path = cordova/build.xcconfig; sourceTree = SOURCE_ROOT; };
		32CA4F630368D1EE00C91783 /* HelloCordova-Prefix.pch */ = {isa = PBXFileReference; fileEncoding = 4; lastKnownFileType = sourcecode.c.h; path = "HelloCordova-Prefix.pch"; sourceTree = "<group>"; };
		6AFF5BF81D6E424B00AB3073 /* CDVLaunchScreen.storyboard */ = {isa = PBXFileReference; fileEncoding = 4; lastKnownFileType = file.storyboard; name = CDVLaunchScreen.storyboard; path = "HelloCordova/CDVLaunchScreen.storyboard"; sourceTree = SOURCE_ROOT; };
		8D1107310486CEB800E47090 /* HelloCordova-Info.plist */ = {isa = PBXFileReference; fileEncoding = 4; lastKnownFileType = text.plist.xml; name = "HelloCordova-Info.plist"; path = "HelloCordova/HelloCordova-Info.plist"; plistStructureDefinitionIdentifier = "com.apple.xcode.plist.structure-definition.iphone.info-plist"; sourceTree = SOURCE_ROOT; };
		EB87FDF31871DA8E0020F90C /* www */ = {isa = PBXFileReference; lastKnownFileType = folder; name = www; path = ../../www; sourceTree = "<group>"; };
		EB87FDF41871DAF40020F90C /* config.xml */ = {isa = PBXFileReference; lastKnownFileType = text.xml; name = config.xml; path = ../../config.xml; sourceTree = "<group>"; };
		F840E1F0165FE0F500CFE078 /* config.xml */ = {isa = PBXFileReference; lastKnownFileType = text.xml; name = config.xml; path = "HelloCordova/config.xml"; sourceTree = "<group>"; };
		ED33DF2A687741AEAF9F8254 /* Bridging-Header.h */ = {isa = PBXFileReference; fileEncoding = 4; lastKnownFileType = sourcecode.c.h; name = "Bridging-Header.h"; path = "Bridging-Header.h"; sourceTree = "<group>"; };
		3C5CD475AA1F4360B04E2692 /* CDVSplashScreen.m */ = {isa = PBXFileReference; name = "CDVSplashScreen.m"; path = "cordova-plugin-splashscreen/CDVSplashScreen.m"; sourceTree = "<group>"; fileEncoding = 4; lastKnownFileType = sourcecode.c.objc; explicitFileType = undefined; includeInIndex = 0; };
		F5EBCFBCD8264E858EB135DB /* CDVViewController+SplashScreen.m */ = {isa = PBXFileReference; name = "CDVViewController+SplashScreen.m"; path = "cordova-plugin-splashscreen/CDVViewController+SplashScreen.m"; sourceTree = "<group>"; fileEncoding = 4; lastKnownFileType = sourcecode.c.objc; explicitFileType = undefined; includeInIndex = 0; };
		EAEEC2B1278048AFABDF1BC8 /* CDVSplashScreen.h */ = {isa = PBXFileReference; name = "CDVSplashScreen.h"; path = "cordova-plugin-splashscreen/CDVSplashScreen.h"; sourceTree = "<group>"; fileEncoding = 4; lastKnownFileType = sourcecode.c.h; explicitFileType = undefined; includeInIndex = 0; };
		BDA4420542964606B240B5A9 /* CDVViewController+SplashScreen.h */ = {isa = PBXFileReference; name = "CDVViewController+SplashScreen.h"; path = "cordova-plugin-splashscreen/CDVViewController+SplashScreen.h"; sourceTree = "<group>"; fileEncoding = 4; lastKnownFileType = sourcecode.c.h; explicitFileType = undefined; includeInIndex = 0; };
		EE4236386A9B46C98F4D3244 /* WifiInfo.swift */ = {isa = PBXFileReference; name = "WifiInfo.swift"; path = "cordova-plugin-wifiinfo/WifiInfo.swift"; sourceTree = "<group>"; fileEncoding = 4; lastKnownFileType = sourcecode.swift; explicitFileType = undefined; includeInIndex = 0; };
		7B95D8B32F0D48D2B219F448 /* Hostname.m */ = {isa = PBXFileReference; name = "Hostname.m"; path = "cordova-plugin-wifiinfo/Hostname.m"; sourceTree = "<group>"; fileEncoding = 4; lastKnownFileType = sourcecode.c.objc; explicitFileType = undefined; includeInIndex = 0; };
		CA16EEA65CE74B94B0D3E61C /* WifiInfo-Bridging-Header.h */ = {isa = PBXFileReference; name = "WifiInfo-Bridging-Header.h"; path = "cordova-plugin-wifiinfo/WifiInfo-Bridging-Header.h"; sourceTree = "<group>"; fileEncoding = 4; lastKnownFileType = sourcecode.c.h; explicitFileType = undefined; includeInIndex = 0; };
		B92B2CABF2534D94A0CF991E /* Hostname.h */ = {isa = PBXFileReference; name = "Hostname.h"; path = "cordova-plugin-wifiinfo/Hostname.h"; sourceTree = "<group>"; fileEncoding = 4; lastKnownFileType = sourcecode.c.h; explicitFileType = undefined; includeInIndex = 0; };
		4DFD22E1C99943DB8F77A8D7 /* CDVBattery.m */ = {isa = PBXFileReference; name = "CDVBattery.m"; path = "cordova-plugin-battery-status/CDVBattery.m"; sourceTree = "<group>"; fileEncoding = 4; lastKnownFileType = sourcecode.c.objc; explicitFileType = undefined; includeInIndex = 0; };
		EFCB039B26604C6485525AEA /* CDVBattery.h */ = {isa = PBXFileReference; name = "CDVBattery.h"; path = "cordova-plugin-battery-status/CDVBattery.h"; sourceTree = "<group>"; fileEncoding = 4; lastKnownFileType = sourcecode.c.h; explicitFileType = undefined; includeInIndex = 0; };
		A0AC9E7384EE4A72A5BCD94A /* UIImage+CropScaleOrientation.m */ = {isa = PBXFileReference; name = "UIImage+CropScaleOrientation.m"; path = "cordova-plugin-camera/UIImage+CropScaleOrientation.m"; sourceTree = "<group>"; fileEncoding = 4; lastKnownFileType = sourcecode.c.objc; explicitFileType = undefined; includeInIndex = 0; };
		F3B2957BC9E84757996768AE /* CDVCamera.m */ = {isa = PBXFileReference; name = "CDVCamera.m"; path = "cordova-plugin-camera/CDVCamera.m"; sourceTree = "<group>"; fileEncoding = 4; lastKnownFileType = sourcecode.c.objc; explicitFileType = undefined; includeInIndex = 0; };
		8A530D59699D409CB097B692 /* CDVJpegHeaderWriter.m */ = {isa = PBXFileReference; name = "CDVJpegHeaderWriter.m"; path = "cordova-plugin-camera/CDVJpegHeaderWriter.m"; sourceTree = "<group>"; fileEncoding = 4; lastKnownFileType = sourcecode.c.objc; explicitFileType = undefined; includeInIndex = 0; };
		2BC26676782F470895EFC700 /* UIImage+CropScaleOrientation.h */ = {isa = PBXFileReference; name = "UIImage+CropScaleOrientation.h"; path = "cordova-plugin-camera/UIImage+CropScaleOrientation.h"; sourceTree = "<group>"; fileEncoding = 4; lastKnownFileType = sourcecode.c.h; explicitFileType = undefined; includeInIndex = 0; };
		59366FF156264179A3766BFC /* CDVCamera.h */ = {isa = PBXFileReference; name = "CDVCamera.h"; path = "cordova-plugin-camera/CDVCamera.h"; sourceTree = "<group>"; fileEncoding = 4; lastKnownFileType = sourcecode.c.h; explicitFileType = undefined; includeInIndex = 0; };
		177FDC07D91540F683D363E6 /* CDVJpegHeaderWriter.h */ = {isa = PBXFileReference; name = "CDVJpegHeaderWriter.h"; path = "cordova-plugin-camera/CDVJpegHeaderWriter.h"; sourceTree = "<group>"; fileEncoding = 4; lastKnownFileType = sourcecode.c.h; explicitFileType = undefined; includeInIndex = 0; };
		A9A731567F1D489EB0B51C91 /* CDVExif.h */ = {isa = PBXFileReference; name = "CDVExif.h"; path = "cordova-plugin-camera/CDVExif.h"; sourceTree = "<group>"; fileEncoding = 4; lastKnownFileType = sourcecode.c.h; explicitFileType = undefined; includeInIndex = 0; };
		1A47288693884B76A0C861F7 /* ImageIO.framework */ = {isa = PBXFileReference; name = "ImageIO.framework"; path = "System/Library/Frameworks/ImageIO.framework"; sourceTree = SDKROOT; fileEncoding = undefined; lastKnownFileType = wrapper.framework; explicitFileType = undefined; includeInIndex = 0; };
		E740612DCEEE4245A37F2A6E /* AVFoundation.framework */ = {isa = PBXFileReference; name = "AVFoundation.framework"; path = "System/Library/Frameworks/AVFoundation.framework"; sourceTree = SDKROOT; fileEncoding = undefined; lastKnownFileType = wrapper.framework; explicitFileType = undefined; includeInIndex = 0; };
		A5FFCCF8B006468CB686CE2F /* CDVDevice.m */ = {isa = PBXFileReference; name = "CDVDevice.m"; path = "cordova-plugin-device/CDVDevice.m"; sourceTree = "<group>"; fileEncoding = 4; lastKnownFileType = sourcecode.c.objc; explicitFileType = undefined; includeInIndex = 0; };
		452D4B0EB663489F81679D5D /* CDVDevice.h */ = {isa = PBXFileReference; name = "CDVDevice.h"; path = "cordova-plugin-device/CDVDevice.h"; sourceTree = "<group>"; fileEncoding = 4; lastKnownFileType = sourcecode.c.h; explicitFileType = undefined; includeInIndex = 0; };
		B990B26631A5465C970FA387 /* libz.tbd */ = {isa = PBXFileReference; name = "libz.tbd"; path = "usr/lib/libz.tbd"; sourceTree = SDKROOT; fileEncoding = undefined; lastKnownFileType = sourcecode.text-based-dylib-definition; explicitFileType = undefined; includeInIndex = 0; };
		0B6E9D37A2D545F1B0AAE793 /* CDVNotification.m */ = {isa = PBXFileReference; name = "CDVNotification.m"; path = "cordova-plugin-dialogs/CDVNotification.m"; sourceTree = "<group>"; fileEncoding = 4; lastKnownFileType = sourcecode.c.objc; explicitFileType = undefined; includeInIndex = 0; };
		603895D461214EDDB9649A68 /* CDVNotification.h */ = {isa = PBXFileReference; name = "CDVNotification.h"; path = "cordova-plugin-dialogs/CDVNotification.h"; sourceTree = "<group>"; fileEncoding = 4; lastKnownFileType = sourcecode.c.h; explicitFileType = undefined; includeInIndex = 0; };
		81EBFE625FB64D498F356C35 /* CDVNotification.bundle */ = {isa = PBXFileReference; name = "CDVNotification.bundle"; path = "CDVNotification.bundle"; sourceTree = "<group>"; fileEncoding = undefined; lastKnownFileType = wrapper.plug-in; explicitFileType = undefined; includeInIndex = 0; };
		96CC2AE381454D58AC7608F4 /* CDVLocation.m */ = {isa = PBXFileReference; name = "CDVLocation.m"; path = "cordova-plugin-geolocation/CDVLocation.m"; sourceTree = "<group>"; fileEncoding = 4; lastKnownFileType = sourcecode.c.objc; explicitFileType = undefined; includeInIndex = 0; };
		BF3C700EB80D48C38172A41B /* CDVLocation.h */ = {isa = PBXFileReference; name = "CDVLocation.h"; path = "cordova-plugin-geolocation/CDVLocation.h"; sourceTree = "<group>"; fileEncoding = 4; lastKnownFileType = sourcecode.c.h; explicitFileType = undefined; includeInIndex = 0; };
		D3CA72645F3D468B92D6E856 /* CoreLocation.framework */ = {isa = PBXFileReference; name = "CoreLocation.framework"; path = "System/Library/Frameworks/CoreLocation.framework"; sourceTree = SDKROOT; fileEncoding = undefined; lastKnownFileType = wrapper.framework; explicitFileType = undefined; includeInIndex = 0; };
		9CA4433380E4483792B898EC /* CDVGlobalization.m */ = {isa = PBXFileReference; name = "CDVGlobalization.m"; path = "cordova-plugin-globalization/CDVGlobalization.m"; sourceTree = "<group>"; fileEncoding = 4; lastKnownFileType = sourcecode.c.objc; explicitFileType = undefined; includeInIndex = 0; };
		79810DDF98FA4E9EB6850B07 /* CDVGlobalization.h */ = {isa = PBXFileReference; name = "CDVGlobalization.h"; path = "cordova-plugin-globalization/CDVGlobalization.h"; sourceTree = "<group>"; fileEncoding = 4; lastKnownFileType = sourcecode.c.h; explicitFileType = undefined; includeInIndex = 0; };
		2090A1C850F24301BCCD5945 /* CDVInAppBrowser.m */ = {isa = PBXFileReference; name = "CDVInAppBrowser.m"; path = "cordova-plugin-inappbrowser/CDVInAppBrowser.m"; sourceTree = "<group>"; fileEncoding = 4; lastKnownFileType = sourcecode.c.objc; explicitFileType = undefined; includeInIndex = 0; };
		0C99FEBFE4CB4E239A11916F /* CDVInAppBrowser.h */ = {isa = PBXFileReference; name = "CDVInAppBrowser.h"; path = "cordova-plugin-inappbrowser/CDVInAppBrowser.h"; sourceTree = "<group>"; fileEncoding = 4; lastKnownFileType = sourcecode.c.h; explicitFileType = undefined; includeInIndex = 0; };
		D73E1F37F0E646FC8B02DE35 /* CDVCapture.m */ = {isa = PBXFileReference; name = "CDVCapture.m"; path = "cordova-plugin-media-capture/CDVCapture.m"; sourceTree = "<group>"; fileEncoding = 4; lastKnownFileType = sourcecode.c.objc; explicitFileType = undefined; includeInIndex = 0; };
		6364E7C7E2734D95BB3BAED1 /* CDVCapture.h */ = {isa = PBXFileReference; name = "CDVCapture.h"; path = "cordova-plugin-media-capture/CDVCapture.h"; sourceTree = "<group>"; fileEncoding = 4; lastKnownFileType = sourcecode.c.h; explicitFileType = undefined; includeInIndex = 0; };
		FD0C69183A404048B183C51A /* CDVCapture.bundle */ = {isa = PBXFileReference; name = "CDVCapture.bundle"; path = "CDVCapture.bundle"; sourceTree = "<group>"; fileEncoding = undefined; lastKnownFileType = wrapper.plug-in; explicitFileType = undefined; includeInIndex = 0; };
		9B7CE6C2EA194784B37135D5 /* CDVConnection.m */ = {isa = PBXFileReference; name = "CDVConnection.m"; path = "cordova-plugin-network-information/CDVConnection.m"; sourceTree = "<group>"; fileEncoding = 4; lastKnownFileType = sourcecode.c.objc; explicitFileType = undefined; includeInIndex = 0; };
		8CEDDF70091B4DC7A5525BC0 /* CDVReachability.m */ = {isa = PBXFileReference; name = "CDVReachability.m"; path = "cordova-plugin-network-information/CDVReachability.m"; sourceTree = "<group>"; fileEncoding = 4; lastKnownFileType = sourcecode.c.objc; explicitFileType = undefined; includeInIndex = 0; };
		ABA8940BB6644182BFEDB864 /* CDVConnection.h */ = {isa = PBXFileReference; name = "CDVConnection.h"; path = "cordova-plugin-network-information/CDVConnection.h"; sourceTree = "<group>"; fileEncoding = 4; lastKnownFileType = sourcecode.c.h; explicitFileType = undefined; includeInIndex = 0; };
		AD76E6470FA640A2A27A6688 /* CDVReachability.h */ = {isa = PBXFileReference; name = "CDVReachability.h"; path = "cordova-plugin-network-information/CDVReachability.h"; sourceTree = "<group>"; fileEncoding = 4; lastKnownFileType = sourcecode.c.h; explicitFileType = undefined; includeInIndex = 0; };
		DC77AC419B13490CAEFA4788 /* CoreTelephony.framework */ = {isa = PBXFileReference; name = "CoreTelephony.framework"; path = "System/Library/Frameworks/CoreTelephony.framework"; sourceTree = SDKROOT; fileEncoding = undefined; lastKnownFileType = wrapper.framework; explicitFileType = undefined; includeInIndex = 0; };
		198EA20D66F34281A7A6B5AB /* SocketPlugin.m */ = {isa = PBXFileReference; name = "SocketPlugin.m"; path = "cordova-plugin-socket-tcp/SocketPlugin.m"; sourceTree = "<group>"; fileEncoding = 4; lastKnownFileType = sourcecode.c.objc; explicitFileType = undefined; includeInIndex = 0; };
		E1664ABBE51548FD9B8697FE /* SocketAdapter.m */ = {isa = PBXFileReference; name = "SocketAdapter.m"; path = "cordova-plugin-socket-tcp/SocketAdapter.m"; sourceTree = "<group>"; fileEncoding = 4; lastKnownFileType = sourcecode.c.objc; explicitFileType = undefined; includeInIndex = 0; };
		0D0956BB61964E75B1150B1D /* SocketPlugin.h */ = {isa = PBXFileReference; name = "SocketPlugin.h"; path = "cordova-plugin-socket-tcp/SocketPlugin.h"; sourceTree = "<group>"; fileEncoding = 4; lastKnownFileType = sourcecode.c.h; explicitFileType = undefined; includeInIndex = 0; };
		6765C89AA8C34D828E9F0AA7 /* SocketAdapter.h */ = {isa = PBXFileReference; name = "SocketAdapter.h"; path = "cordova-plugin-socket-tcp/SocketAdapter.h"; sourceTree = "<group>"; fileEncoding = 4; lastKnownFileType = sourcecode.c.h; explicitFileType = undefined; includeInIndex = 0; };
		C764D38A9961489FA90881A0 /* CDVVibration.m */ = {isa = PBXFileReference; name = "CDVVibration.m"; path = "cordova-plugin-vibration/CDVVibration.m"; sourceTree = "<group>"; fileEncoding = 4; lastKnownFileType = sourcecode.c.objc; explicitFileType = undefined; includeInIndex = 0; };
		0A90A41D0A0847A0A066BB8B /* CDVVibration.h */ = {isa = PBXFileReference; name = "CDVVibration.h"; path = "cordova-plugin-vibration/CDVVibration.h"; sourceTree = "<group>"; fileEncoding = 4; lastKnownFileType = sourcecode.c.h; explicitFileType = undefined; includeInIndex = 0; };
		14D96294F7184D2BBA53B59E /* AudioToolbox.framework */ = {isa = PBXFileReference; name = "AudioToolbox.framework"; path = "System/Library/Frameworks/AudioToolbox.framework"; sourceTree = SDKROOT; fileEncoding = undefined; lastKnownFileType = wrapper.framework; explicitFileType = undefined; includeInIndex = 0; };
		15A80675105D4A65B1EE3A7D /* CDVNetworkInterface.m */ = {isa = PBXFileReference; name = "CDVNetworkInterface.m"; path = "cordova-plugin-networkinterface/CDVNetworkInterface.m"; sourceTree = "<group>"; fileEncoding = 4; lastKnownFileType = sourcecode.c.objc; explicitFileType = undefined; includeInIndex = 0; };
		81F9F76F41984BE0952E3AF9 /* CDVNetworkInterface.h */ = {isa = PBXFileReference; name = "CDVNetworkInterface.h"; path = "cordova-plugin-networkinterface/CDVNetworkInterface.h"; sourceTree = "<group>"; fileEncoding = 4; lastKnownFileType = sourcecode.c.h; explicitFileType = undefined; includeInIndex = 0; };
		989EEED887994A97967E4A01 /* NXWWifiWizard.m */ = {isa = PBXFileReference; name = "NXWWifiWizard.m"; path = "com.pylonproducts.wifiwizard/NXWWifiWizard.m"; sourceTree = "<group>"; fileEncoding = 4; lastKnownFileType = sourcecode.c.objc; explicitFileType = undefined; includeInIndex = 0; };
		82716C50F8AA4029A277601E /* NXWWifiWizard.h */ = {isa = PBXFileReference; name = "NXWWifiWizard.h"; path = "com.pylonproducts.wifiwizard/NXWWifiWizard.h"; sourceTree = "<group>"; fileEncoding = 4; lastKnownFileType = sourcecode.c.h; explicitFileType = undefined; includeInIndex = 0; };
		FD6A9C5BD21E40E49B9EF874 /* SystemConfiguration.framework */ = {isa = PBXFileReference; name = "SystemConfiguration.framework"; path = "System/Library/Frameworks/SystemConfiguration.framework"; sourceTree = SDKROOT; fileEncoding = undefined; lastKnownFileType = wrapper.framework; explicitFileType = undefined; includeInIndex = 0; };
		7CBF6D0061EF4AC2A15A2978 /* CDVFile.m */ = {isa = PBXFileReference; name = "CDVFile.m"; path = "cordova-plugin-file/CDVFile.m"; sourceTree = "<group>"; fileEncoding = 4; lastKnownFileType = sourcecode.c.objc; explicitFileType = undefined; includeInIndex = 0; };
		E425A793B7D24DE18A379613 /* CDVLocalFilesystem.m */ = {isa = PBXFileReference; name = "CDVLocalFilesystem.m"; path = "cordova-plugin-file/CDVLocalFilesystem.m"; sourceTree = "<group>"; fileEncoding = 4; lastKnownFileType = sourcecode.c.objc; explicitFileType = undefined; includeInIndex = 0; };
		533E68EB040D4C9394DE13E7 /* CDVAssetLibraryFilesystem.m */ = {isa = PBXFileReference; name = "CDVAssetLibraryFilesystem.m"; path = "cordova-plugin-file/CDVAssetLibraryFilesystem.m"; sourceTree = "<group>"; fileEncoding = 4; lastKnownFileType = sourcecode.c.objc; explicitFileType = undefined; includeInIndex = 0; };
		E8E8231143704545BFE3143C /* CDVFile.h */ = {isa = PBXFileReference; name = "CDVFile.h"; path = "cordova-plugin-file/CDVFile.h"; sourceTree = "<group>"; fileEncoding = 4; lastKnownFileType = sourcecode.c.h; explicitFileType = undefined; includeInIndex = 0; };
		CF7BCCDBBBA245BAAB7BF685 /* CDVLocalFilesystem.h */ = {isa = PBXFileReference; name = "CDVLocalFilesystem.h"; path = "cordova-plugin-file/CDVLocalFilesystem.h"; sourceTree = "<group>"; fileEncoding = 4; lastKnownFileType = sourcecode.c.h; explicitFileType = undefined; includeInIndex = 0; };
		B3BDAD654A2142298BB8D1E8 /* CDVAssetLibraryFilesystem.h */ = {isa = PBXFileReference; name = "CDVAssetLibraryFilesystem.h"; path = "cordova-plugin-file/CDVAssetLibraryFilesystem.h"; sourceTree = "<group>"; fileEncoding = 4; lastKnownFileType = sourcecode.c.h; explicitFileType = undefined; includeInIndex = 0; };
/* End PBXFileReference section */

/* Begin PBXFrameworksBuildPhase section */
		1D60588F0D05DD3D006BFB54 /* Frameworks */ = {
			isa = PBXFrameworksBuildPhase;
			buildActionMask = 2147483647;
			files = (
				301BF552109A68D80062928A /* libCordova.a in Frameworks */,
				D22CBF8EA4CB4A6292E0FC44 /* ImageIO.framework in Frameworks */,
				5CAFB2F443994EF6AB306529 /* AVFoundation.framework in Frameworks */,
				C75167814EFE467D8F5883C2 /* libz.tbd in Frameworks */,
				62A295DF85DB48DC96D64079 /* CoreLocation.framework in Frameworks */,
				1540CE7FFC4D43C0BF3116F5 /* CoreTelephony.framework in Frameworks */,
				6AF3CACC365948BAA728A4AA /* AudioToolbox.framework in Frameworks */,
				29968541613548218356E6B1 /* SystemConfiguration.framework in Frameworks */,
			);
			runOnlyForDeploymentPostprocessing = 0;
		};
/* End PBXFrameworksBuildPhase section */

/* Begin PBXGroup section */
		080E96DDFE201D6D7F000001 /* Classes */ = {
			isa = PBXGroup;
			children = (
				302D95EE14D2391D003F00A1 /* MainViewController.h */,
				302D95EF14D2391D003F00A1 /* MainViewController.m */,
				302D95F014D2391D003F00A1 /* MainViewController.xib */,
				1D3623240D0F684500981E51 /* AppDelegate.h */,
				1D3623250D0F684500981E51 /* AppDelegate.m */,
			);
			name = Classes;
			path = "HelloCordova/Classes";
			sourceTree = SOURCE_ROOT;
		};
		19C28FACFE9D520D11CA2CBB /* Products */ = {
			isa = PBXGroup;
			children = (
				1D6058910D05DD3D006BFB54 /* HelloCordova.app */,
			);
			name = Products;
			sourceTree = "<group>";
		};
		29B97314FDCFA39411CA2CEA /* CustomTemplate */ = {
			isa = PBXGroup;
			children = (
				EB87FDF41871DAF40020F90C /* config.xml */,
				EB87FDF31871DA8E0020F90C /* www */,
				EB87FDF11871DA420020F90C /* Staging */,
				301BF52D109A57CC0062928A /* CordovaLib.xcodeproj */,
				080E96DDFE201D6D7F000001 /* Classes */,
				307C750510C5A3420062BCA9 /* Plugins */,
				29B97315FDCFA39411CA2CEA /* Other Sources */,
				29B97317FDCFA39411CA2CEA /* Resources */,
				29B97323FDCFA39411CA2CEA /* Frameworks */,
				19C28FACFE9D520D11CA2CBB /* Products */,
			);
			name = CustomTemplate;
			sourceTree = "<group>";
		};
		29B97315FDCFA39411CA2CEA /* Other Sources */ = {
			isa = PBXGroup;
			children = (
				32CA4F630368D1EE00C91783 /* HelloCordova-Prefix.pch */,
				29B97316FDCFA39411CA2CEA /* main.m */,
				ED33DF2A687741AEAF9F8254 /* Bridging-Header.h */,
			);
			name = "Other Sources";
			path = "HelloCordova";
			sourceTree = "<group>";
		};
		29B97317FDCFA39411CA2CEA /* Resources */ = {
			isa = PBXGroup;
			children = (
				0207DA571B56EA530066E2B4 /* Images.xcassets */,
				3047A50E1AB8057F00498E2A /* config */,
				8D1107310486CEB800E47090 /* HelloCordova-Info.plist */,
				6AFF5BF81D6E424B00AB3073 /* CDVLaunchScreen.storyboard */,
				81EBFE625FB64D498F356C35 /* CDVNotification.bundle */,
				FD0C69183A404048B183C51A /* CDVCapture.bundle */,
			);
			name = Resources;
			path = "HelloCordova/Resources";
			sourceTree = "<group>";
		};
		29B97323FDCFA39411CA2CEA /* Frameworks */ = {
			isa = PBXGroup;
			children = (
				1A47288693884B76A0C861F7 /* ImageIO.framework */,
				E740612DCEEE4245A37F2A6E /* AVFoundation.framework */,
				B990B26631A5465C970FA387 /* libz.tbd */,
				D3CA72645F3D468B92D6E856 /* CoreLocation.framework */,
				DC77AC419B13490CAEFA4788 /* CoreTelephony.framework */,
				14D96294F7184D2BBA53B59E /* AudioToolbox.framework */,
				FD6A9C5BD21E40E49B9EF874 /* SystemConfiguration.framework */,
			);
			name = Frameworks;
			sourceTree = "<group>";
		};
		301BF52E109A57CC0062928A /* Products */ = {
			isa = PBXGroup;
			children = (
				301BF535109A57CC0062928A /* libCordova.a */,
			);
			name = Products;
			sourceTree = "<group>";
		};
		3047A50E1AB8057F00498E2A /* config */ = {
			isa = PBXGroup;
			children = (
				3047A50F1AB8059700498E2A /* build-debug.xcconfig */,
				3047A5101AB8059700498E2A /* build-release.xcconfig */,
				3047A5111AB8059700498E2A /* build.xcconfig */,
			);
			name = config;
			sourceTree = "<group>";
		};
		307C750510C5A3420062BCA9 /* Plugins */ = {
			isa = PBXGroup;
			children = (
				3C5CD475AA1F4360B04E2692 /* CDVSplashScreen.m */,
				F5EBCFBCD8264E858EB135DB /* CDVViewController+SplashScreen.m */,
				EAEEC2B1278048AFABDF1BC8 /* CDVSplashScreen.h */,
				BDA4420542964606B240B5A9 /* CDVViewController+SplashScreen.h */,
				EE4236386A9B46C98F4D3244 /* WifiInfo.swift */,
				7B95D8B32F0D48D2B219F448 /* Hostname.m */,
				CA16EEA65CE74B94B0D3E61C /* WifiInfo-Bridging-Header.h */,
				B92B2CABF2534D94A0CF991E /* Hostname.h */,
				4DFD22E1C99943DB8F77A8D7 /* CDVBattery.m */,
				EFCB039B26604C6485525AEA /* CDVBattery.h */,
				A0AC9E7384EE4A72A5BCD94A /* UIImage+CropScaleOrientation.m */,
				F3B2957BC9E84757996768AE /* CDVCamera.m */,
				8A530D59699D409CB097B692 /* CDVJpegHeaderWriter.m */,
				2BC26676782F470895EFC700 /* UIImage+CropScaleOrientation.h */,
				59366FF156264179A3766BFC /* CDVCamera.h */,
				177FDC07D91540F683D363E6 /* CDVJpegHeaderWriter.h */,
				A9A731567F1D489EB0B51C91 /* CDVExif.h */,
				A5FFCCF8B006468CB686CE2F /* CDVDevice.m */,
				452D4B0EB663489F81679D5D /* CDVDevice.h */,
				0B6E9D37A2D545F1B0AAE793 /* CDVNotification.m */,
				603895D461214EDDB9649A68 /* CDVNotification.h */,
				96CC2AE381454D58AC7608F4 /* CDVLocation.m */,
				BF3C700EB80D48C38172A41B /* CDVLocation.h */,
				9CA4433380E4483792B898EC /* CDVGlobalization.m */,
				79810DDF98FA4E9EB6850B07 /* CDVGlobalization.h */,
				2090A1C850F24301BCCD5945 /* CDVInAppBrowser.m */,
				0C99FEBFE4CB4E239A11916F /* CDVInAppBrowser.h */,
				D73E1F37F0E646FC8B02DE35 /* CDVCapture.m */,
				6364E7C7E2734D95BB3BAED1 /* CDVCapture.h */,
				9B7CE6C2EA194784B37135D5 /* CDVConnection.m */,
				8CEDDF70091B4DC7A5525BC0 /* CDVReachability.m */,
				ABA8940BB6644182BFEDB864 /* CDVConnection.h */,
				AD76E6470FA640A2A27A6688 /* CDVReachability.h */,
				198EA20D66F34281A7A6B5AB /* SocketPlugin.m */,
				E1664ABBE51548FD9B8697FE /* SocketAdapter.m */,
				0D0956BB61964E75B1150B1D /* SocketPlugin.h */,
				6765C89AA8C34D828E9F0AA7 /* SocketAdapter.h */,
				C764D38A9961489FA90881A0 /* CDVVibration.m */,
				0A90A41D0A0847A0A066BB8B /* CDVVibration.h */,
				15A80675105D4A65B1EE3A7D /* CDVNetworkInterface.m */,
				81F9F76F41984BE0952E3AF9 /* CDVNetworkInterface.h */,
				989EEED887994A97967E4A01 /* NXWWifiWizard.m */,
				82716C50F8AA4029A277601E /* NXWWifiWizard.h */,
				7CBF6D0061EF4AC2A15A2978 /* CDVFile.m */,
				E425A793B7D24DE18A379613 /* CDVLocalFilesystem.m */,
				533E68EB040D4C9394DE13E7 /* CDVAssetLibraryFilesystem.m */,
				E8E8231143704545BFE3143C /* CDVFile.h */,
				CF7BCCDBBBA245BAAB7BF685 /* CDVLocalFilesystem.h */,
				B3BDAD654A2142298BB8D1E8 /* CDVAssetLibraryFilesystem.h */,
			);
			name = Plugins;
			path = "HelloCordova/Plugins";
			sourceTree = SOURCE_ROOT;
		};
		EB87FDF11871DA420020F90C /* Staging */ = {
			isa = PBXGroup;
			children = (
				F840E1F0165FE0F500CFE078 /* config.xml */,
				301BF56E109A69640062928A /* www */,
			);
			name = Staging;
			sourceTree = "<group>";
		};
/* End PBXGroup section */

/* Begin PBXNativeTarget section */
		1D6058900D05DD3D006BFB54 /* HelloCordova */ = {
			isa = PBXNativeTarget;
			buildConfigurationList = 1D6058960D05DD3E006BFB54 /* Build configuration list for PBXNativeTarget "HelloCordova" */;
			buildPhases = (
				304B58A110DAC018002A0835 /* Copy www directory */,
				1D60588D0D05DD3D006BFB54 /* Resources */,
				1D60588E0D05DD3D006BFB54 /* Sources */,
				1D60588F0D05DD3D006BFB54 /* Frameworks */,
			);
			buildRules = (
			);
			dependencies = (
				301BF551109A68C00062928A /* PBXTargetDependency */,
			);
			name = "HelloCordova";
			productName = "HelloCordova";
			productReference = 1D6058910D05DD3D006BFB54 /* HelloCordova.app */;
			productType = "com.apple.product-type.application";
		};
/* End PBXNativeTarget section */

/* Begin PBXProject section */
		29B97313FDCFA39411CA2CEA /* Project object */ = {
			isa = PBXProject;
			attributes = {
				LastUpgradeCheck = 510;
			};
			buildConfigurationList = C01FCF4E08A954540054247B /* Build configuration list for PBXProject "__NON-CLI__" */;
			compatibilityVersion = "Xcode 3.2";
			developmentRegion = English;
			hasScannedForEncodings = 1;
			mainGroup = 29B97314FDCFA39411CA2CEA /* CustomTemplate */;
			projectDirPath = "";
			projectReferences = (
				{
					ProductGroup = 301BF52E109A57CC0062928A /* Products */;
					ProjectRef = 301BF52D109A57CC0062928A /* CordovaLib.xcodeproj */;
				},
			);
			projectRoot = "";
			targets = (
				1D6058900D05DD3D006BFB54 /* HelloCordova */,
			);
		};
/* End PBXProject section */

/* Begin PBXReferenceProxy section */
		301BF535109A57CC0062928A /* libCordova.a */ = {
			isa = PBXReferenceProxy;
			fileType = archive.ar;
			path = libCordova.a;
			remoteRef = 301BF534109A57CC0062928A /* PBXContainerItemProxy */;
			sourceTree = BUILT_PRODUCTS_DIR;
		};
/* End PBXReferenceProxy section */

/* Begin PBXResourcesBuildPhase section */
		1D60588D0D05DD3D006BFB54 /* Resources */ = {
			isa = PBXResourcesBuildPhase;
			buildActionMask = 2147483647;
			files = (
				302D95F214D2391D003F00A1 /* MainViewController.xib in Resources */,
				0207DA581B56EA530066E2B4 /* Images.xcassets in Resources */,
				6AFF5BF91D6E424B00AB3073 /* CDVLaunchScreen.storyboard in Resources */,
				4BF047AA2807438882A88921 /* CDVNotification.bundle in Resources */,
				2B316B204CC4467E991C0F6E /* CDVCapture.bundle in Resources */,
			);
			runOnlyForDeploymentPostprocessing = 0;
		};
/* End PBXResourcesBuildPhase section */

/* Begin PBXShellScriptBuildPhase section */
		304B58A110DAC018002A0835 /* Copy www directory */ = {
			isa = PBXShellScriptBuildPhase;
			buildActionMask = 2147483647;
			files = (
			);
			inputPaths = (
			);
			name = "Copy www directory";
			outputPaths = (
			);
			runOnlyForDeploymentPostprocessing = 0;
			shellPath = /bin/sh;
			shellScript = "NODEJS_PATH=/usr/local/bin; NVM_NODE_PATH=~/.nvm/versions/node/`nvm version 2>/dev/null`/bin; N_NODE_PATH=`find /usr/local/n/versions/node/* -maxdepth 0 -type d 2>/dev/null | tail -1`/bin; XCODE_NODE_PATH=`xcode-select --print-path`/usr/share/xcs/Node/bin; PATH=$NODEJS_PATH:$NVM_NODE_PATH:$N_NODE_PATH:$XCODE_NODE_PATH:$PATH && node cordova/lib/copy-www-build-step.js";
			showEnvVarsInLog = 0;
		};
/* End PBXShellScriptBuildPhase section */

/* Begin PBXSourcesBuildPhase section */
		1D60588E0D05DD3D006BFB54 /* Sources */ = {
			isa = PBXSourcesBuildPhase;
			buildActionMask = 2147483647;
			files = (
				1D60589B0D05DD56006BFB54 /* main.m in Sources */,
				1D3623260D0F684500981E51 /* AppDelegate.m in Sources */,
				302D95F114D2391D003F00A1 /* MainViewController.m in Sources */,
				0B161B60E95948658580CF37 /* CDVSplashScreen.m in Sources */,
				79F6AB9592254AB6A21F3B7E /* CDVViewController+SplashScreen.m in Sources */,
				CEA31FE60BE64EA2912E1824 /* WifiInfo.swift in Sources */,
				F7FD1D7E51824066BE4A15F2 /* Hostname.m in Sources */,
				A5065493A2AD48A19B07B7DA /* CDVBattery.m in Sources */,
				91DD8562BD974074AE9B6514 /* UIImage+CropScaleOrientation.m in Sources */,
				6838AC451C014B8A8F76945F /* CDVCamera.m in Sources */,
				EF2175BB7F624BBD88F4FCEB /* CDVJpegHeaderWriter.m in Sources */,
				BF04A0A01B6441DCBA56B84C /* CDVDevice.m in Sources */,
				49755E6577114DE5802A95E9 /* CDVNotification.m in Sources */,
				4CACC93C0B8F4F68992ECE84 /* CDVLocation.m in Sources */,
				C39B4E92E9CB42A899633390 /* CDVGlobalization.m in Sources */,
				F14E53EB4B154F72B895047A /* CDVInAppBrowser.m in Sources */,
				39269FEF8E0B447C86574C31 /* CDVCapture.m in Sources */,
				2AF8369157DA40039C64E6E3 /* CDVConnection.m in Sources */,
				0FEA94EC28E94FFA99438F60 /* CDVReachability.m in Sources */,
				59D4F49B1BFB47B9A53C3BDB /* SocketPlugin.m in Sources */,
				08176E0B8F6F460CA360DF32 /* SocketAdapter.m in Sources */,
				0061A3CA15F74A77A8A5F2AD /* CDVVibration.m in Sources */,
				54CD6760F42E4DF3AF7A59DC /* CDVNetworkInterface.m in Sources */,
				6DD8D6BC57774AD1BAA8437C /* NXWWifiWizard.m in Sources */,
				E488FDDDF1ED43068D6048D8 /* CDVFile.m in Sources */,
				37CC598215E846D8AA771930 /* CDVLocalFilesystem.m in Sources */,
				1C0A16A4B390493ABCFDC5A4 /* CDVAssetLibraryFilesystem.m in Sources */,
			);
			runOnlyForDeploymentPostprocessing = 0;
		};
/* End PBXSourcesBuildPhase section */

/* Begin PBXTargetDependency section */
		301BF551109A68C00062928A /* PBXTargetDependency */ = {
			isa = PBXTargetDependency;
			name = CordovaLib;
			targetProxy = 301BF550109A68C00062928A /* PBXContainerItemProxy */;
		};
/* End PBXTargetDependency section */

/* Begin XCBuildConfiguration section */
		1D6058940D05DD3E006BFB54 /* Debug */ = {
			isa = XCBuildConfiguration;
			baseConfigurationReference = 3047A50F1AB8059700498E2A /* build-debug.xcconfig */;
			buildSettings = {
				ALWAYS_SEARCH_USER_PATHS = NO;
				ASSETCATALOG_COMPILER_APPICON_NAME = AppIcon;
				ASSETCATALOG_COMPILER_LAUNCHIMAGE_NAME = LaunchImage;
				CLANG_ENABLE_MODULES = YES;
				CLANG_ENABLE_OBJC_ARC = YES;
				COPY_PHASE_STRIP = NO;
				GCC_DYNAMIC_NO_PIC = NO;
				GCC_OPTIMIZATION_LEVEL = 0;
				GCC_PRECOMPILE_PREFIX_HEADER = YES;
				GCC_PREFIX_HEADER = "HelloCordova/HelloCordova-Prefix.pch";
				GCC_THUMB_SUPPORT = NO;
				GCC_VERSION = "";
				INFOPLIST_FILE = "HelloCordova/HelloCordova-Info.plist";
				IPHONEOS_DEPLOYMENT_TARGET = 9.0;
				LD_RUNPATH_SEARCH_PATHS = "@executable_path/Frameworks";
				TARGETED_DEVICE_FAMILY = "1,2";
				PRODUCT_NAME = "HelloCordova";
			};
			name = Debug;
		};
		1D6058950D05DD3E006BFB54 /* Release */ = {
			isa = XCBuildConfiguration;
			baseConfigurationReference = 3047A5101AB8059700498E2A /* build-release.xcconfig */;
			buildSettings = {
				ALWAYS_SEARCH_USER_PATHS = NO;
				ASSETCATALOG_COMPILER_APPICON_NAME = AppIcon;
				ASSETCATALOG_COMPILER_LAUNCHIMAGE_NAME = LaunchImage;
				CLANG_ENABLE_MODULES = YES;
				CLANG_ENABLE_OBJC_ARC = YES;
				COPY_PHASE_STRIP = YES;
				GCC_PRECOMPILE_PREFIX_HEADER = YES;
				GCC_PREFIX_HEADER = "HelloCordova/HelloCordova-Prefix.pch";
				GCC_THUMB_SUPPORT = NO;
				GCC_VERSION = "";
				INFOPLIST_FILE = "HelloCordova/HelloCordova-Info.plist";
				IPHONEOS_DEPLOYMENT_TARGET = 9.0;
				LD_RUNPATH_SEARCH_PATHS = "@executable_path/Frameworks";
				TARGETED_DEVICE_FAMILY = "1,2";
				PRODUCT_NAME = "HelloCordova";
			};
			name = Release;
		};
		C01FCF4F08A954540054247B /* Debug */ = {
			isa = XCBuildConfiguration;
			baseConfigurationReference = 3047A5111AB8059700498E2A /* build.xcconfig */;
			buildSettings = {
				CLANG_ENABLE_MODULES = YES;
				CLANG_ENABLE_OBJC_ARC = YES;
				CLANG_WARN_BOOL_CONVERSION = YES;
				CLANG_WARN_CONSTANT_CONVERSION = YES;
				CLANG_WARN_EMPTY_BODY = YES;
				CLANG_WARN_ENUM_CONVERSION = YES;
				CLANG_WARN_INT_CONVERSION = YES;
				CLANG_WARN__DUPLICATE_METHOD_MATCH = YES;
				GCC_C_LANGUAGE_STANDARD = c99;
				GCC_THUMB_SUPPORT = NO;
				GCC_VERSION = "";
				GCC_WARN_ABOUT_RETURN_TYPE = YES;
				GCC_WARN_UNDECLARED_SELECTOR = YES;
				GCC_WARN_UNINITIALIZED_AUTOS = YES;
				GCC_WARN_UNUSED_FUNCTION = YES;
				GCC_WARN_UNUSED_VARIABLE = YES;
				ONLY_ACTIVE_ARCH = YES;
				SDKROOT = iphoneos;
				SKIP_INSTALL = NO;
				ASSETCATALOG_COMPILER_LAUNCHIMAGE_NAME = LaunchImage;
			};
			name = Debug;
		};
		C01FCF5008A954540054247B /* Release */ = {
			isa = XCBuildConfiguration;
			baseConfigurationReference = 3047A5111AB8059700498E2A /* build.xcconfig */;
			buildSettings = {
				CLANG_ENABLE_MODULES = YES;
				CLANG_ENABLE_OBJC_ARC = YES;
				CLANG_WARN_BOOL_CONVERSION = YES;
				CLANG_WARN_CONSTANT_CONVERSION = YES;
				CLANG_WARN_EMPTY_BODY = YES;
				CLANG_WARN_ENUM_CONVERSION = YES;
				CLANG_WARN_INT_CONVERSION = YES;
				CLANG_WARN__DUPLICATE_METHOD_MATCH = YES;
				GCC_C_LANGUAGE_STANDARD = c99;
				GCC_THUMB_SUPPORT = NO;
				GCC_VERSION = "";
				GCC_WARN_ABOUT_RETURN_TYPE = YES;
				GCC_WARN_UNDECLARED_SELECTOR = YES;
				GCC_WARN_UNINITIALIZED_AUTOS = YES;
				GCC_WARN_UNUSED_FUNCTION = YES;
				GCC_WARN_UNUSED_VARIABLE = YES;
				SDKROOT = iphoneos;
				SKIP_INSTALL = NO;
				ASSETCATALOG_COMPILER_LAUNCHIMAGE_NAME = LaunchImage;
			};
			name = Release;
		};
/* End XCBuildConfiguration section */

/* Begin XCConfigurationList section */
		1D6058960D05DD3E006BFB54 /* Build configuration list for PBXNativeTarget "HelloCordova" */ = {
			isa = XCConfigurationList;
			buildConfigurations = (
				1D6058940D05DD3E006BFB54 /* Debug */,
				1D6058950D05DD3E006BFB54 /* Release */,
			);
			defaultConfigurationIsVisible = 0;
			defaultConfigurationName = Release;
		};
		C01FCF4E08A954540054247B /* Build configuration list for PBXProject "__NON-CLI__" */ = {
			isa = XCConfigurationList;
			buildConfigurations = (
				C01FCF4F08A954540054247B /* Debug */,
				C01FCF5008A954540054247B /* Release */,
			);
			defaultConfigurationIsVisible = 0;
			defaultConfigurationName = Release;
		};
/* End XCConfigurationList section */
	};
	rootObject = 29B97313FDCFA39411CA2CEA /* Project object */;
}
